
Microsoft Visual Studio Solution File, Format Version 12.00
# Visual Studio Version 17
VisualStudioVersion = 17.1.32210.238
MinimumVisualStudioVersion = 10.0.40219.1
Project("{9A19103F-16F7-4668-BE54-9A1E7A4F7556}") = "Week_5_Demo", "Week_5_Demo\Week_5_Demo.csproj", "{D6A47930-A224-47F8-8893-6DB5E8910D45}"
EndProject
Project("{FAE04EC0-301F-11D3-BF4B-00C04F79EFBC}") = "ReadEmployee", "ReadEmployee\ReadEmployee.csproj", "{C5E1FD3F-F425-4027-B30C-06FEB286F243}"
EndProject
Global
	GlobalSection(SolutionConfigurationPlatforms) = preSolution
		Debug|Any CPU = Debug|Any CPU
		Release|Any CPU = Release|Any CPU
	EndGlobalSection
	GlobalSection(ProjectConfigurationPlatforms) = postSolution
		{D6A47930-A224-47F8-8893-6DB5E8910D45}.Debug|Any CPU.ActiveCfg = Debug|Any CPU
		{D6A47930-A224-47F8-8893-6DB5E8910D45}.Debug|Any CPU.Build.0 = Debug|Any CPU
		{D6A47930-A224-47F8-8893-6DB5E8910D45}.Release|Any CPU.ActiveCfg = Release|Any CPU
		{D6A47930-A224-47F8-8893-6DB5E8910D45}.Release|Any CPU.Build.0 = Release|Any CPU
		{C5E1FD3F-F425-4027-B30C-06FEB286F243}.Debug|Any CPU.ActiveCfg = Debug|Any CPU
		{C5E1FD3F-F425-4027-B30C-06FEB286F243}.Debug|Any CPU.Build.0 = Debug|Any CPU
		{C5E1FD3F-F425-4027-B30C-06FEB286F243}.Release|Any CPU.ActiveCfg = Release|Any CPU
		{C5E1FD3F-F425-4027-B30C-06FEB286F243}.Release|Any CPU.Build.0 = Release|Any CPU
	EndGlobalSection
	GlobalSection(SolutionProperties) = preSolution
		HideSolutionNode = FALSE
	EndGlobalSection
	GlobalSection(ExtensibilityGlobals) = postSolution
		SolutionGuid = {D7CF9014-DD3E-4419-9F6D-FCF13E74994B}
	EndGlobalSection
EndGlobal
